
Microsoft Visual Studio Solution File, Format Version 11.00
# Visual Studio 2010
Project("{FAE04EC0-301F-11D3-BF4B-00C04F79EFBC}") = "ExtendedLinkedList", "ExtendedLinkedList\ExtendedLinkedList.csproj", "{E14669BE-E33A-4BE3-838D-F707D66F8997}"
EndProject
Project("{FAE04EC0-301F-11D3-BF4B-00C04F79EFBC}") = "MyClasses", "..\MyClasses\MyClasses\MyClasses.csproj", "{4B150044-E2E3-4D10-B02B-6D1A6AEB35B5}"
EndProject
Project("{FAE04EC0-301F-11D3-BF4B-00C04F79EFBC}") = "CursorControl", "CursorControl\CursorControl.csproj", "{6CFA6320-80A0-4ED1-82DA-56FD9D03BBB9}"
EndProject
Global
	GlobalSection(SolutionConfigurationPlatforms) = preSolution
		Debug|Any CPU = Debug|Any CPU
		Release|Any CPU = Release|Any CPU
	EndGlobalSection
	GlobalSection(ProjectConfigurationPlatforms) = postSolution
		{4B150044-E2E3-4D10-B02B-6D1A6AEB35B5}.Debug|Any CPU.ActiveCfg = Debug|Any CPU
		{4B150044-E2E3-4D10-B02B-6D1A6AEB35B5}.Debug|Any CPU.Build.0 = Debug|Any CPU
		{4B150044-E2E3-4D10-B02B-6D1A6AEB35B5}.Release|Any CPU.ActiveCfg = Release|Any CPU
		{4B150044-E2E3-4D10-B02B-6D1A6AEB35B5}.Release|Any CPU.Build.0 = Release|Any CPU
		{6CFA6320-80A0-4ED1-82DA-56FD9D03BBB9}.Debug|Any CPU.ActiveCfg = Debug|Any CPU
		{6CFA6320-80A0-4ED1-82DA-56FD9D03BBB9}.Debug|Any CPU.Build.0 = Debug|Any CPU
		{6CFA6320-80A0-4ED1-82DA-56FD9D03BBB9}.Release|Any CPU.ActiveCfg = Release|Any CPU
		{6CFA6320-80A0-4ED1-82DA-56FD9D03BBB9}.Release|Any CPU.Build.0 = Release|Any CPU
		{E14669BE-E33A-4BE3-838D-F707D66F8997}.Debug|Any CPU.ActiveCfg = Debug|Any CPU
		{E14669BE-E33A-4BE3-838D-F707D66F8997}.Debug|Any CPU.Build.0 = Debug|Any CPU
		{E14669BE-E33A-4BE3-838D-F707D66F8997}.Release|Any CPU.ActiveCfg = Release|Any CPU
		{E14669BE-E33A-4BE3-838D-F707D66F8997}.Release|Any CPU.Build.0 = Release|Any CPU
	EndGlobalSection
	GlobalSection(MonoDevelopProperties) = preSolution
		StartupItem = CursorControl\CursorControl.csproj
	EndGlobalSection
EndGlobal
