
Microsoft Visual Studio Solution File, Format Version 11.00
# Visual Studio 2010
Project("{FAE04EC0-301F-11D3-BF4B-00C04F79EFBC}") = "MyClasses", "MyClasses\MyClasses.csproj", "{4B150044-E2E3-4D10-B02B-6D1A6AEB35B5}"
EndProject
Global
	GlobalSection(SolutionConfigurationPlatforms) = preSolution
		Debug|x86 = Debug|x86
		Release|x86 = Release|x86
	EndGlobalSection
	GlobalSection(ProjectConfigurationPlatforms) = postSolution
		{4B150044-E2E3-4D10-B02B-6D1A6AEB35B5}.Debug|x86.ActiveCfg = Debug|Any CPU
		{4B150044-E2E3-4D10-B02B-6D1A6AEB35B5}.Debug|x86.Build.0 = Debug|Any CPU
		{4B150044-E2E3-4D10-B02B-6D1A6AEB35B5}.Release|x86.ActiveCfg = Release|Any CPU
		{4B150044-E2E3-4D10-B02B-6D1A6AEB35B5}.Release|x86.Build.0 = Release|Any CPU
	EndGlobalSection
	GlobalSection(MonoDevelopProperties) = preSolution
		StartupItem = MyClasses\MyClasses.csproj
	EndGlobalSection
EndGlobal
