
Microsoft Visual Studio Solution File, Format Version 12.00
# Visual Studio 2012
Project("{8BC9CEB8-8B4A-11D0-8D11-00A0C91BC942}") = "10_1", "10_1\10_1.vcxproj", "{BBF9B177-294D-478F-9025-74753661D65A}"
EndProject
Global
	GlobalSection(SolutionConfigurationPlatforms) = preSolution
		Debug|Win32 = Debug|Win32
		Release|Win32 = Release|Win32
	EndGlobalSection
	GlobalSection(ProjectConfigurationPlatforms) = postSolution
		{BBF9B177-294D-478F-9025-74753661D65A}.Debug|Win32.ActiveCfg = Debug|Win32
		{BBF9B177-294D-478F-9025-74753661D65A}.Debug|Win32.Build.0 = Debug|Win32
		{BBF9B177-294D-478F-9025-74753661D65A}.Release|Win32.ActiveCfg = Release|Win32
		{BBF9B177-294D-478F-9025-74753661D65A}.Release|Win32.Build.0 = Release|Win32
	EndGlobalSection
	GlobalSection(SolutionProperties) = preSolution
		HideSolutionNode = FALSE
	EndGlobalSection
EndGlobal
